Microsoft Visual Studio Solution File, Format Version 11.00
# Visual Studio 2008

Project("{C50F6703-EDAA-A7FE-4B4D-A00E391D8457}") = "Kannonball Kulami", "Assembly-CSharp-firstpass-vs.csproj", "{B4F2818B-999E-8E56-D9D4-37CAD8ACDBC5}"
EndProject
Project("{C50F6703-EDAA-A7FE-4B4D-A00E391D8457}") = "Kannonball Kulami", "Assembly-CSharp-vs.csproj", "{57E3B957-D263-5F5A-902A-D2A75A322858}"
EndProject
Project("{C50F6703-EDAA-A7FE-4B4D-A00E391D8457}") = "Kannonball Kulami", "Assembly-CSharp-Editor-vs.csproj", "{FEDF6246-4537-0DC1-A756-59129911D93B}"
EndProject
Global
	GlobalSection(SolutionConfigurationPlatforms) = preSolution
		Debug|Any CPU = Debug|Any CPU
		Release|Any CPU = Release|Any CPU
	EndGlobalSection
	GlobalSection(ProjectConfigurationPlatforms) = postSolution
		{B4F2818B-999E-8E56-D9D4-37CAD8ACDBC5}.Debug|Any CPU.ActiveCfg = Debug|Any CPU
		{B4F2818B-999E-8E56-D9D4-37CAD8ACDBC5}.Debug|Any CPU.Build.0 = Debug|Any CPU
		{B4F2818B-999E-8E56-D9D4-37CAD8ACDBC5}.Release|Any CPU.ActiveCfg = Release|Any CPU
		{B4F2818B-999E-8E56-D9D4-37CAD8ACDBC5}.Release|Any CPU.Build.0 = Release|Any CPU
		{57E3B957-D263-5F5A-902A-D2A75A322858}.Debug|Any CPU.ActiveCfg = Debug|Any CPU
		{57E3B957-D263-5F5A-902A-D2A75A322858}.Debug|Any CPU.Build.0 = Debug|Any CPU
		{57E3B957-D263-5F5A-902A-D2A75A322858}.Release|Any CPU.ActiveCfg = Release|Any CPU
		{57E3B957-D263-5F5A-902A-D2A75A322858}.Release|Any CPU.Build.0 = Release|Any CPU
		{FEDF6246-4537-0DC1-A756-59129911D93B}.Debug|Any CPU.ActiveCfg = Debug|Any CPU
		{FEDF6246-4537-0DC1-A756-59129911D93B}.Debug|Any CPU.Build.0 = Debug|Any CPU
		{FEDF6246-4537-0DC1-A756-59129911D93B}.Release|Any CPU.ActiveCfg = Release|Any CPU
		{FEDF6246-4537-0DC1-A756-59129911D93B}.Release|Any CPU.Build.0 = Release|Any CPU
	EndGlobalSection
	GlobalSection(SolutionProperties) = preSolution
		HideSolutionNode = FALSE
	EndGlobalSection
																															GlobalSection(MonoDevelopProperties) = preSolution
		StartupItem = Assembly-CSharp.csproj
		Policies = $0
		$0.TextStylePolicy = $1
		$1.inheritsSet = null
		$1.scope = text/x-csharp
		$0.CSharpFormattingPolicy = $2
		$2.inheritsSet = Mono
		$2.inheritsScope = text/x-csharp
		$2.scope = text/x-csharp
		$0.TextStylePolicy = $3
		$3.FileWidth = 120
		$3.TabWidth = 4
		$3.EolMarker = Unix
		$3.inheritsSet = Mono
		$3.inheritsScope = text/plain
		$3.scope = text/plain
	EndGlobalSection

EndGlobal
